dependencies:
- name: loki
  repository: https://grafana.github.io/helm-charts
  version: 2.5.3
- name: promtail
  repository: https://grafana.github.io/helm-charts
  version: 2.2.0
- name: fluent-bit
  repository: https://grafana.github.io/helm-charts
  version: 2.3.0
- name: grafana
  repository: https://grafana.github.io/helm-charts
  version: 5.7.10
- name: prometheus
  repository: https://prometheus-community.github.io/helm-charts
  version: 11.16.9
- name: filebeat
  repository: https://helm.elastic.co
  version: 7.8.1
- name: logstash
  repository: https://helm.elastic.co
  version: 7.8.1
digest: sha256:6f3adb9348d1a6acf4c646d7b212cf05711ac31b123111f8d74b2d2b55ba47d0
generated: "2021-07-28T15:45:54.3078815-07:00"
